# Generated by pub
# See http://pub.dartlang.org/doc/glossary.html#lockfile

{"packages":{"dartling":{"version":"0.0.9","source":"git","description":{"url":"git://github.com/dzenanr/dartling.git","ref":null,"resolved-ref":"d62b620a1e5a86863fa852747e2837877ba2061a"}},"browser":{"version":"0.4.4+4","source":"hosted","description":"browser"},"unittest":{"version":"0.4.4+4","source":"hosted","description":"unittest"},"meta":{"version":"0.4.4+4","source":"hosted","description":"meta"}}}
