{"packages":{"dartling":{"version":"0.0.8","source":"git","description":{"url":"git://github.com/dzenanr/dartling.git","ref":null,"resolved-ref":"6c2b8d70d35886aa9265693715a3ddbae0f51237"}},"browser":{"version":"0.3.1+1","source":"hosted","description":"browser"},"unittest":{"version":"0.3.1+1","source":"hosted","description":"unittest"},"meta":{"version":"0.3.1+1","source":"hosted","description":"meta"}}}