        # Generated by pub. See: http://pub.dartlang.org/doc/glossary.html#lockfile
         {"packages":{"dartling":{"version":"0.0.8","source":"git","description":{"url":"git://github.com/dzenanr/dartling.git","ref":null,"resolved-ref":"253409474d462e4691ed198d597b47b7ebd6f824"}},"browser":{"version":"0.3.1+1","source":"hosted","description":"browser"},"unittest":{"version":"0.3.1+1","source":"hosted","description":"unittest"},"meta":{"version":"0.3.1+1","source":"hosted","description":"meta"}}}
        